version: 2.0
shards:
  alea:
    git: https://github.com/nin93/alea.git
    version: 0.3.0+git.commit.155a8612abf4afb05d607efbbc985208feff73e9

  arrow:
    git: https://github.com/crystal-data/arrow.cr.git
    version: 0.1.0+git.commit.ef3b6420412914219720d1db6b854983c0fcde2b

  cryspace:
    path: /home/tony/Projects/cryspace
    version: 0.1.0

  gobject:
    git: https://github.com/jhass/crystal-gobject.git
    version: 0.10.0

  num:
    git: https://github.com/eltony81/num.cr.git
    version: 1.5.7

  opencl:
    git: https://github.com/crystal-data/opencl.cr.git
    version: 0.2.1+git.commit.aaa47f52c6ee33a7dc7b7f05189faf7646d9758d

